
Microsoft Visual Studio Solution File, Format Version 12.00
# Visual Studio Version 17
VisualStudioVersion = 17.14.36221.1 d17.14
MinimumVisualStudioVersion = 10.0.40219.1
Project("{FAE04EC0-301F-11D3-BF4B-00C04F79EFBC}") = "SCMS_Backend", "SCMS_Backend.csproj", "{DBFFAB17-5EED-4ECC-A69E-7E8A1176F46E}"
EndProject
Global
	GlobalSection(SolutionConfigurationPlatforms) = preSolution
		Debug|Any CPU = Debug|Any CPU
		Release|Any CPU = Release|Any CPU
	EndGlobalSection
	GlobalSection(ProjectConfigurationPlatforms) = postSolution
		{DBFFAB17-5EED-4ECC-A69E-7E8A1176F46E}.Debug|Any CPU.ActiveCfg = Debug|Any CPU
		{DBFFAB17-5EED-4ECC-A69E-7E8A1176F46E}.Debug|Any CPU.Build.0 = Debug|Any CPU
		{DBFFAB17-5EED-4ECC-A69E-7E8A1176F46E}.Release|Any CPU.ActiveCfg = Release|Any CPU
		{DBFFAB17-5EED-4ECC-A69E-7E8A1176F46E}.Release|Any CPU.Build.0 = Release|Any CPU
	EndGlobalSection
	GlobalSection(SolutionProperties) = preSolution
		HideSolutionNode = FALSE
	EndGlobalSection
	GlobalSection(ExtensibilityGlobals) = postSolution
		SolutionGuid = {965FB46E-7824-43A6-9383-5C1C4B4FF2A8}
	EndGlobalSection
EndGlobal
